{
  "lockfileVersion": 1,
  "configVersion": 1,
  "workspaces": {
    "": {
      "name": "herdr-plugin-tempomat",
      "dependencies": {
        "@crustjs/core": "^0.0.19",
        "@crustjs/plugins": "^0.1.2",
      },
      "devDependencies": {
        "@types/bun": "^1.4.0",
      },
    },
  },
  "packages": {
    "@crustjs/core": ["@crustjs/core@0.0.19", "", { "dependencies": { "@crustjs/utils": "0.0.3" }, "peerDependencies": { "typescript": "^6.0.3" } }, "sha512-RV/1TDJ+RZ9DFSbIHXPIyZV7bvJjf9RaElly2BvNGor1HxuEfiu6BdR8SBWzAa+PyvXQk2hkXuSjmaNIE+jbCQ=="],

    "@crustjs/plugins": ["@crustjs/plugins@0.1.2", "", { "dependencies": { "@crustjs/style": "0.2.0" }, "peerDependencies": { "@crustjs/core": "0.0.19", "typescript": "^6.0.3" } }, "sha512-sX9eaN1c30T2PEel6RZZpSfBp/vOAWoIAV2/a+mbi7OxvLBLMJy3+WGxx5OlTDCXe/MJ6c8KWLIzFY2Cg71idA=="],

    "@crustjs/style": ["@crustjs/style@0.2.0", "", { "peerDependencies": { "typescript": "^6.0.3" } }, "sha512-WPJ/l630OSb9aaZEVpZhs8myBf6ItlXivABnx3jzyl4SUYr0Ztrky6D2Xw+rRUp7i7m26KsJHkvi7YiOmsr0BQ=="],

    "@crustjs/utils": ["@crustjs/utils@0.0.3", "", { "peerDependencies": { "@standard-schema/spec": "^1.1.0", "typescript": "^6.0.3" }, "optionalPeers": ["@standard-schema/spec"] }, "sha512-5J/CeFpUTDX6F8EHc62blJQEQmr+tcH9Ojc26QTkQ08LoGZBT56kxL+XjHzp9m2QAg8T69omjwL25bmB3AWZig=="],

    "@types/bun": ["@types/bun@1.4.0", "", { "dependencies": { "bun-types": "1.4.0" } }, "sha512-K+lZULY23vRgK/CfTjFIV+tyifaNdSMlPh9j+6mQ/cLfpOznLyAuzgV/JQysyECpkBQLVMSyvjlr2fBUSA9wFQ=="],

    "@types/node": ["@types/node@26.3.0", "", { "dependencies": { "undici-types": "~8.3.0" } }, "sha512-L3fgrnchriRC2ExBflb8j4uZZURHZfQsmQeyVzhjcHW4kkwVyo8/0h1B2MVzMTrYUJYu6G7EWs14hW/L9putqw=="],

    "bun-types": ["bun-types@1.4.0", "", { "dependencies": { "@types/node": "*" } }, "sha512-iIKw23BspnQQYd3prITOBxeUsxBHnwzX6YJfGMuNOZzeNcMmVqzIIVGRm1l69ogaPQmb4wB6BN8mA5bE9YuC5Q=="],

    "typescript": ["typescript@6.0.3", "", { "bin": { "tsc": "bin/tsc", "tsserver": "bin/tsserver" } }, "sha512-y2TvuxSZPDyQakkFRPZHKFm+KKVqIisdg9/CZwm9ftvKXLP8NRWj38/ODjNbr43SsoXqNuAisEf1GdCxqWcdBw=="],

    "undici-types": ["undici-types@8.3.0", "", {}, "sha512-j375ScV60dom+YkPFIfTLcOiPxkN/buHz5GobjLhixFuANaNs3C9l4GmrWqejgXWJ7BbJcFYpTEUkS1Ge8bpZQ=="],
  }
}
