{
  "lockfileVersion": 1,
  "configVersion": 1,
  "workspaces": {
    "": {
      "dependencies": {
        "@crustjs/core": "^0.0.19",
        "@crustjs/plugins": "^0.1.2",
      },
    },
  },
  "packages": {
    "@crustjs/core": ["@crustjs/core@0.0.19", "", { "dependencies": { "@crustjs/utils": "0.0.3" }, "peerDependencies": { "typescript": "^6.0.3" } }, "sha512-RV/1TDJ+RZ9DFSbIHXPIyZV7bvJjf9RaElly2BvNGor1HxuEfiu6BdR8SBWzAa+PyvXQk2hkXuSjmaNIE+jbCQ=="],

    "@crustjs/plugins": ["@crustjs/plugins@0.1.2", "", { "dependencies": { "@crustjs/style": "0.2.0" }, "peerDependencies": { "@crustjs/core": "0.0.19", "typescript": "^6.0.3" } }, "sha512-sX9eaN1c30T2PEel6RZZpSfBp/vOAWoIAV2/a+mbi7OxvLBLMJy3+WGxx5OlTDCXe/MJ6c8KWLIzFY2Cg71idA=="],

    "@crustjs/style": ["@crustjs/style@0.2.0", "", { "peerDependencies": { "typescript": "^6.0.3" } }, "sha512-WPJ/l630OSb9aaZEVpZhs8myBf6ItlXivABnx3jzyl4SUYr0Ztrky6D2Xw+rRUp7i7m26KsJHkvi7YiOmsr0BQ=="],

    "@crustjs/utils": ["@crustjs/utils@0.0.3", "", { "peerDependencies": { "@standard-schema/spec": "^1.1.0", "typescript": "^6.0.3" }, "optionalPeers": ["@standard-schema/spec"] }, "sha512-5J/CeFpUTDX6F8EHc62blJQEQmr+tcH9Ojc26QTkQ08LoGZBT56kxL+XjHzp9m2QAg8T69omjwL25bmB3AWZig=="],

    "typescript": ["typescript@6.0.3", "", { "bin": { "tsc": "bin/tsc", "tsserver": "bin/tsserver" } }, "sha512-y2TvuxSZPDyQakkFRPZHKFm+KKVqIisdg9/CZwm9ftvKXLP8NRWj38/ODjNbr43SsoXqNuAisEf1GdCxqWcdBw=="],
  }
}
