{
  "lockfileVersion": 1,
  "configVersion": 1,
  "workspaces": {
    "": {
      "name": "@dotfiles/wiki-cli",
      "dependencies": {
        "@clerc/plugin-friendly-error": "^1.1.1",
        "@clerc/plugin-not-found": "^1.1.1",
        "@clerc/plugin-strict-flags": "^1.1.1",
        "@clerc/plugin-update-notifier": "^1.1.1",
        "arktype": "^2.1.29",
        "bunfig": "^0.15.6",
        "clerc": "^1.1.1",
        "env-paths": "^3.0.0",
        "pino": "^10.1.0",
        "pino-pretty": "^13.1.3",
      },
      "devDependencies": {
        "@types/bun": "latest",
      },
      "peerDependencies": {
        "typescript": "^5",
      },
    },
  },
  "packages": {
    "@ark/schema": ["@ark/schema@0.56.0", "", { "dependencies": { "@ark/util": "0.56.0" } }, "sha512-ECg3hox/6Z/nLajxXqNhgPtNdHWC9zNsDyskwO28WinoFEnWow4IsERNz9AnXRhTZJnYIlAJ4uGn3nlLk65vZA=="],

    "@ark/util": ["@ark/util@0.56.0", "", {}, "sha512-BghfRC8b9pNs3vBoDJhcta0/c1J1rsoS1+HgVUreMFPdhz/CRAKReAu57YEllNaSy98rWAdY1gE+gFup7OXpgA=="],

    "@clerc/core": ["@clerc/core@1.1.1", "", { "dependencies": { "@clerc/parser": "1.1.1", "@clerc/utils": "1.1.1", "lite-emit": "^4.0.0" } }, "sha512-62yuKOxw+ObztWp3Lase34hWBsnGqfNkkPve8eY2dU2+/hI77Vc5eGYL5ZmaA557MXu9a5P/OOG2h8pofPLlFw=="],

    "@clerc/parser": ["@clerc/parser@1.1.1", "", { "dependencies": { "@clerc/utils": "1.1.1" } }, "sha512-lq+k23E2bjnMgP7iuH01VfwA9+8ogtcpi7nNQhlVSUq7dAakVs5yOxnsZTKCIjS+EEvEVkrspqu6CfjzaPmuNw=="],

    "@clerc/plugin-completions": ["@clerc/plugin-completions@1.1.1", "", { "peerDependencies": { "@clerc/core": "*" }, "bin": { "my-cli": "src/a.mjs" } }, "sha512-ZZXT8EElM8prxCIMQSejaEFmnMTnKSuaxdYZkGd/+5alHdxDwdSyCBIFOCbPbYKBmUaE3064choLh8GfIIN3Yg=="],

    "@clerc/plugin-friendly-error": ["@clerc/plugin-friendly-error@1.1.1", "", { "peerDependencies": { "@clerc/core": "*" } }, "sha512-QgiW+eIpIFoL5BdQy1DwukXbJUkapLAj+/hLnStcQFAXsLNh4JaY6ZBf2og2PNmA1EznGAv0K0aLOYW8CM1NlQ=="],

    "@clerc/plugin-help": ["@clerc/plugin-help@1.1.1", "", { "dependencies": { "@clerc/utils": "1.1.1", "@uttr/tint": "^0.1.3", "string-width": "^8.1.0", "text-table": "^0.2.0" }, "peerDependencies": { "@clerc/core": "*" } }, "sha512-SMPZbl3MgPIoOPWLHIIwZD8gg2F8b3nbymK2wmBNrqo19494GTDxRY9Q02d8cy87MF63DrVpNtPodnCpakUCWA=="],

    "@clerc/plugin-not-found": ["@clerc/plugin-not-found@1.1.1", "", { "dependencies": { "@uttr/tint": "^0.1.3" }, "peerDependencies": { "@clerc/core": "*" } }, "sha512-3DWTrpTS43/Hm1ehxKuJDB88wV5uMX5GSsbfNbM3CVbB2Hm1RrP/SDM/Llft3269Pwk4+4xezyJJsZLB0Vb9/w=="],

    "@clerc/plugin-strict-flags": ["@clerc/plugin-strict-flags@1.1.1", "", { "dependencies": { "@clerc/utils": "1.1.1" }, "peerDependencies": { "@clerc/core": "*" } }, "sha512-C+2bATbjK5SEt00jLUC8368S70Rcmgfr2WycD8ejCOol8OtEp36TjN49qlNj6Jq4wPbhT+tKApaTo0AbaTvZaw=="],

    "@clerc/plugin-update-notifier": ["@clerc/plugin-update-notifier@1.1.1", "", { "peerDependencies": { "@clerc/core": "*" } }, "sha512-yFdN2keOXjmfFmN3JWTLy0wDkgxnjQ3v3Q54IKF6FVYKh9Jx81HBVoeUDiW7c5bMbCsbTJ/05Finl6n+dr18Dg=="],

    "@clerc/plugin-version": ["@clerc/plugin-version@1.1.1", "", { "dependencies": { "@clerc/utils": "1.1.1" }, "peerDependencies": { "@clerc/core": "*" } }, "sha512-yXsipfz0A3T63Z174uL9FqqlF3gvlwsqLuVe5Ji5dzvYRKjXbRJMGI1hKwpzaEWRUxA1s9KHQ1isg+l3yArX/A=="],

    "@clerc/utils": ["@clerc/utils@1.1.1", "", {}, "sha512-+iSq0nyvAATgikTyJ097WihEnAkTg+LR9RMNfqbbwZ7cRPS0RgBvHSmo2WDBcTWWWHnMAiBBeF9PNcaDS4Ey9w=="],

    "@pinojs/redact": ["@pinojs/redact@0.4.0", "", {}, "sha512-k2ENnmBugE/rzQfEcdWHcCY+/FM3VLzH9cYEsbdsoqrvzAKRhUZeRNhAZvB8OitQJ1TBed3yqWtdjzS6wJKBwg=="],

    "@stacksjs/clapp": ["@stacksjs/clapp@0.2.0", "", { "dependencies": { "mri": "^1.2.0", "wrap-ansi": "^9.0.0" }, "bin": { "clapp": "dist/bin/cli.js", "@stacksjs/clapp": "dist/bin/cli.js" } }, "sha512-dSqnbeZjXnQLLvVxC5NU7D9Vpjxc6cC9Bo2ZwaqjgruK7pbVoFCI0goc9Mtf/lfSTbTx6Uvv/mbY7+cOW/j3Og=="],

    "@stacksjs/clarity": ["@stacksjs/clarity@0.3.24", "", { "bin": { "clarity": "dist/bin/cli.js" } }, "sha512-QN21fT/9dovcuFTkni9LFHDzBpiBZ4Q//0a3vFJsckPiblNIu1RhwwePkkTK4j6Xu2DtVYGR60/9Scdrp6wRfw=="],

    "@types/bun": ["@types/bun@1.3.5", "", { "dependencies": { "bun-types": "1.3.5" } }, "sha512-RnygCqNrd3srIPEWBd5LFeUYG7plCoH2Yw9WaZGyNmdTEei+gWaHqydbaIRkIkcbXwhBT94q78QljxN0Sk838w=="],

    "@types/node": ["@types/node@25.0.3", "", { "dependencies": { "undici-types": "~7.16.0" } }, "sha512-W609buLVRVmeW693xKfzHeIV6nJGGz98uCPfeXI1ELMLXVeKYZ9m15fAMSaUPBHYLGFsVRcMmSCksQOrZV9BYA=="],

    "@uttr/tint": ["@uttr/tint@0.1.3", "", {}, "sha512-nQlAxBriuQ7NPxvMlxCXdw0n4alhEAIzsjFNNyU4CR7AitUwMFp1A5e/47JYQ7NMcooaI06OEQKylYhNhbpuIA=="],

    "ansi-regex": ["ansi-regex@6.2.2", "", {}, "sha512-Bq3SmSpyFHaWjPk8If9yc6svM8c56dB5BAtW4Qbw5jHTwwXXcTLoRMkpDJp6VL0XzlWaCHTXrkFURMYmD0sLqg=="],

    "ansi-styles": ["ansi-styles@6.2.3", "", {}, "sha512-4Dj6M28JB+oAH8kFkTLUo+a2jwOFkuqb3yucU0CANcRRUbxS0cP0nZYCGjcc3BNXwRIsUVmDGgzawme7zvJHvg=="],

    "arkregex": ["arkregex@0.0.5", "", { "dependencies": { "@ark/util": "0.56.0" } }, "sha512-ncYjBdLlh5/QnVsAA8De16Tc9EqmYM7y/WU9j+236KcyYNUXogpz3sC4ATIZYzzLxwI+0sEOaQLEmLmRleaEXw=="],

    "arktype": ["arktype@2.1.29", "", { "dependencies": { "@ark/schema": "0.56.0", "@ark/util": "0.56.0", "arkregex": "0.0.5" } }, "sha512-jyfKk4xIOzvYNayqnD8ZJQqOwcrTOUbIU4293yrzAjA3O1dWh61j71ArMQ6tS/u4pD7vabSPe7nG3RCyoXW6RQ=="],

    "atomic-sleep": ["atomic-sleep@1.0.0", "", {}, "sha512-kNOjDqAh7px0XWNI+4QbzoiR/nTkHAWNud2uvnJquD1/x5a7EQZMJT0AczqK0Qn67oY/TTQ1LbUKajZpp3I9tQ=="],

    "bun-types": ["bun-types@1.3.5", "", { "dependencies": { "@types/node": "*" } }, "sha512-inmAYe2PFLs0SUbFOWSVD24sg1jFlMPxOjOSSCYqUgn4Hsc3rDc7dFvfVYjFPNHtov6kgUeulV4SxbuIV/stPw=="],

    "bunfig": ["bunfig@0.15.6", "", { "dependencies": { "@stacksjs/clapp": "^0.2.0", "@stacksjs/clarity": "^0.3.24" }, "bin": { "bunfig": "bin/cli.js" } }, "sha512-7ynPmrn1dN5F+0DtUVY0Vo2MZOOnSdb6hpQePwABEYIJ+d/rSb3vaOVUs3MFxwxWuaVc1FEStVJG6+kCgbLuyg=="],

    "clerc": ["clerc@1.1.1", "", { "dependencies": { "@clerc/core": "1.1.1", "@clerc/plugin-completions": "1.1.1", "@clerc/plugin-friendly-error": "1.1.1", "@clerc/plugin-help": "1.1.1", "@clerc/plugin-not-found": "1.1.1", "@clerc/plugin-strict-flags": "1.1.1", "@clerc/plugin-update-notifier": "1.1.1", "@clerc/plugin-version": "1.1.1" } }, "sha512-WNFndSaRvpZzP6Ff+Xp7krqY4A/Bk5cglWAWWtg+UWn01jhum01dS0b446rXEkrGJ66ZRhJ5Jh58v/hO41bTcQ=="],

    "colorette": ["colorette@2.0.20", "", {}, "sha512-IfEDxwoWIjkeXL1eXcDiow4UbKjhLdq6/EuSVR9GMN7KVH3r9gQ83e73hsz1Nd1T3ijd5xv1wcWRYO+D6kCI2w=="],

    "dateformat": ["dateformat@4.6.3", "", {}, "sha512-2P0p0pFGzHS5EMnhdxQi7aJN+iMheud0UhG4dlE1DLAlvL8JHjJJTX/CSm4JXwV0Ka5nGk3zC5mcb5bUQUxxMA=="],

    "emoji-regex": ["emoji-regex@10.6.0", "", {}, "sha512-toUI84YS5YmxW219erniWD0CIVOo46xGKColeNQRgOzDorgBi1v4D71/OFzgD9GO2UGKIv1C3Sp8DAn0+j5w7A=="],

    "end-of-stream": ["end-of-stream@1.4.5", "", { "dependencies": { "once": "^1.4.0" } }, "sha512-ooEGc6HP26xXq/N+GCGOT0JKCLDGrq2bQUZrQ7gyrJiZANJ/8YDTxTpQBXGMn+WbIQXNVpyWymm7KYVICQnyOg=="],

    "env-paths": ["env-paths@3.0.0", "", {}, "sha512-dtJUTepzMW3Lm/NPxRf3wP4642UWhjL2sQxc+ym2YMj1m/H2zDNQOlezafzkHwn6sMstjHTwG6iQQsctDW/b1A=="],

    "fast-copy": ["fast-copy@4.0.2", "", {}, "sha512-ybA6PDXIXOXivLJK/z9e+Otk7ve13I4ckBvGO5I2RRmBU1gMHLVDJYEuJYhGwez7YNlYji2M2DvVU+a9mSFDlw=="],

    "fast-safe-stringify": ["fast-safe-stringify@2.1.1", "", {}, "sha512-W+KJc2dmILlPplD/H4K9l9LcAHAfPtP6BY84uVLXQ6Evcz9Lcg33Y2z1IVblT6xdY54PXYVHEv+0Wpq8Io6zkA=="],

    "get-east-asian-width": ["get-east-asian-width@1.4.0", "", {}, "sha512-QZjmEOC+IT1uk6Rx0sX22V6uHWVwbdbxf1faPqJ1QhLdGgsRGCZoyaQBm/piRdJy/D2um6hM1UP7ZEeQ4EkP+Q=="],

    "help-me": ["help-me@5.0.0", "", {}, "sha512-7xgomUX6ADmcYzFik0HzAxh/73YlKR9bmFzf51CZwR+b6YtzU2m0u49hQCqV6SvlqIqsaxovfwdvbnsw3b/zpg=="],

    "joycon": ["joycon@3.1.1", "", {}, "sha512-34wB/Y7MW7bzjKRjUKTa46I2Z7eV62Rkhva+KkopW7Qvv/OSWBqvkSY7vusOPrNuZcUG3tApvdVgNB8POj3SPw=="],

    "lite-emit": ["lite-emit@4.0.0", "", {}, "sha512-8krVeIZLS7JbkXz4R9xYziqHcxga6UgmomVWb45g21aB4M8qzDwr7FTEW3PJa80PTUASXeqbfipveKCB5YZdug=="],

    "minimist": ["minimist@1.2.8", "", {}, "sha512-2yyAR8qBkN3YuheJanUpWC5U3bb5osDywNB8RzDVlDwDHbocAJveqqj1u8+SVD7jkWT4yvsHCpWqqWqAxb0zCA=="],

    "mri": ["mri@1.2.0", "", {}, "sha512-tzzskb3bG8LvYGFF/mDTpq3jpI6Q9wc3LEmBaghu+DdCssd1FakN7Bc0hVNmEyGq1bq3RgfkCb3cmQLpNPOroA=="],

    "on-exit-leak-free": ["on-exit-leak-free@2.1.2", "", {}, "sha512-0eJJY6hXLGf1udHwfNftBqH+g73EU4B504nZeKpz1sYRKafAghwxEJunB2O7rDZkL4PGfsMVnTXZ2EjibbqcsA=="],

    "once": ["once@1.4.0", "", { "dependencies": { "wrappy": "1" } }, "sha512-lNaJgI+2Q5URQBkccEKHTQOPaXdUxnZZElQTZY0MFUAuaEqe1E+Nyvgdz/aIyNi6Z9MzO5dv1H8n58/GELp3+w=="],

    "pino": ["pino@10.1.0", "", { "dependencies": { "@pinojs/redact": "^0.4.0", "atomic-sleep": "^1.0.0", "on-exit-leak-free": "^2.1.0", "pino-abstract-transport": "^2.0.0", "pino-std-serializers": "^7.0.0", "process-warning": "^5.0.0", "quick-format-unescaped": "^4.0.3", "real-require": "^0.2.0", "safe-stable-stringify": "^2.3.1", "sonic-boom": "^4.0.1", "thread-stream": "^3.0.0" }, "bin": { "pino": "bin.js" } }, "sha512-0zZC2ygfdqvqK8zJIr1e+wT1T/L+LF6qvqvbzEQ6tiMAoTqEVK9a1K3YRu8HEUvGEvNqZyPJTtb2sNIoTkB83w=="],

    "pino-abstract-transport": ["pino-abstract-transport@2.0.0", "", { "dependencies": { "split2": "^4.0.0" } }, "sha512-F63x5tizV6WCh4R6RHyi2Ml+M70DNRXt/+HANowMflpgGFMAym/VKm6G7ZOQRjqN7XbGxK1Lg9t6ZrtzOaivMw=="],

    "pino-pretty": ["pino-pretty@13.1.3", "", { "dependencies": { "colorette": "^2.0.7", "dateformat": "^4.6.3", "fast-copy": "^4.0.0", "fast-safe-stringify": "^2.1.1", "help-me": "^5.0.0", "joycon": "^3.1.1", "minimist": "^1.2.6", "on-exit-leak-free": "^2.1.0", "pino-abstract-transport": "^3.0.0", "pump": "^3.0.0", "secure-json-parse": "^4.0.0", "sonic-boom": "^4.0.1", "strip-json-comments": "^5.0.2" }, "bin": { "pino-pretty": "bin.js" } }, "sha512-ttXRkkOz6WWC95KeY9+xxWL6AtImwbyMHrL1mSwqwW9u+vLp/WIElvHvCSDg0xO/Dzrggz1zv3rN5ovTRVowKg=="],

    "pino-std-serializers": ["pino-std-serializers@7.0.0", "", {}, "sha512-e906FRY0+tV27iq4juKzSYPbUj2do2X2JX4EzSca1631EB2QJQUqGbDuERal7LCtOpxl6x3+nvo9NPZcmjkiFA=="],

    "process-warning": ["process-warning@5.0.0", "", {}, "sha512-a39t9ApHNx2L4+HBnQKqxxHNs1r7KF+Intd8Q/g1bUh6q0WIp9voPXJ/x0j+ZL45KF1pJd9+q2jLIRMfvEshkA=="],

    "pump": ["pump@3.0.3", "", { "dependencies": { "end-of-stream": "^1.1.0", "once": "^1.3.1" } }, "sha512-todwxLMY7/heScKmntwQG8CXVkWUOdYxIvY2s0VWAAMh/nd8SoYiRaKjlr7+iCs984f2P8zvrfWcDDYVb73NfA=="],

    "quick-format-unescaped": ["quick-format-unescaped@4.0.4", "", {}, "sha512-tYC1Q1hgyRuHgloV/YXs2w15unPVh8qfu/qCTfhTYamaw7fyhumKa2yGpdSo87vY32rIclj+4fWYQXUMs9EHvg=="],

    "real-require": ["real-require@0.2.0", "", {}, "sha512-57frrGM/OCTLqLOAh0mhVA9VBMHd+9U7Zb2THMGdBUoZVOtGbJzjxsYGDJ3A9AYYCP4hn6y1TVbaOfzWtm5GFg=="],

    "safe-stable-stringify": ["safe-stable-stringify@2.5.0", "", {}, "sha512-b3rppTKm9T+PsVCBEOUR46GWI7fdOs00VKZ1+9c1EWDaDMvjQc6tUwuFyIprgGgTcWoVHSKrU8H31ZHA2e0RHA=="],

    "secure-json-parse": ["secure-json-parse@4.1.0", "", {}, "sha512-l4KnYfEyqYJxDwlNVyRfO2E4NTHfMKAWdUuA8J0yve2Dz/E/PdBepY03RvyJpssIpRFwJoCD55wA+mEDs6ByWA=="],

    "sonic-boom": ["sonic-boom@4.2.0", "", { "dependencies": { "atomic-sleep": "^1.0.0" } }, "sha512-INb7TM37/mAcsGmc9hyyI6+QR3rR1zVRu36B0NeGXKnOOLiZOfER5SA+N7X7k3yUYRzLWafduTDvJAfDswwEww=="],

    "split2": ["split2@4.2.0", "", {}, "sha512-UcjcJOWknrNkF6PLX83qcHM6KHgVKNkV62Y8a5uYDVv9ydGQVwAHMKqHdJje1VTWpljG0WYpCDhrCdAOYH4TWg=="],

    "string-width": ["string-width@8.1.0", "", { "dependencies": { "get-east-asian-width": "^1.3.0", "strip-ansi": "^7.1.0" } }, "sha512-Kxl3KJGb/gxkaUMOjRsQ8IrXiGW75O4E3RPjFIINOVH8AMl2SQ/yWdTzWwF3FevIX9LcMAjJW+GRwAlAbTSXdg=="],

    "strip-ansi": ["strip-ansi@7.1.2", "", { "dependencies": { "ansi-regex": "^6.0.1" } }, "sha512-gmBGslpoQJtgnMAvOVqGZpEz9dyoKTCzy2nfz/n8aIFhN/jCE/rCmcxabB6jOOHV+0WNnylOxaxBQPSvcWklhA=="],

    "strip-json-comments": ["strip-json-comments@5.0.3", "", {}, "sha512-1tB5mhVo7U+ETBKNf92xT4hrQa3pm0MZ0PQvuDnWgAAGHDsfp4lPSpiS6psrSiet87wyGPh9ft6wmhOMQ0hDiw=="],

    "text-table": ["text-table@0.2.0", "", {}, "sha512-N+8UisAXDGk8PFXP4HAzVR9nbfmVJ3zYLAWiTIoqC5v5isinhr+r5uaO8+7r3BMfuNIufIsA7RdpVgacC2cSpw=="],

    "thread-stream": ["thread-stream@3.1.0", "", { "dependencies": { "real-require": "^0.2.0" } }, "sha512-OqyPZ9u96VohAyMfJykzmivOrY2wfMSf3C5TtFJVgN+Hm6aj+voFhlK+kZEIv2FBh1X6Xp3DlnCOfEQ3B2J86A=="],

    "typescript": ["typescript@5.9.3", "", { "bin": { "tsc": "bin/tsc", "tsserver": "bin/tsserver" } }, "sha512-jl1vZzPDinLr9eUt3J/t7V6FgNEw9QjvBPdysz9KfQDD41fQrC2Y4vKQdiaUpFT4bXlb1RHhLpp8wtm6M5TgSw=="],

    "undici-types": ["undici-types@7.16.0", "", {}, "sha512-Zz+aZWSj8LE6zoxD+xrjh4VfkIG8Ya6LvYkZqtUQGJPZjYl53ypCaUwWqo7eI0x66KBGeRo+mlBEkMSeSZ38Nw=="],

    "wrap-ansi": ["wrap-ansi@9.0.2", "", { "dependencies": { "ansi-styles": "^6.2.1", "string-width": "^7.0.0", "strip-ansi": "^7.1.0" } }, "sha512-42AtmgqjV+X1VpdOfyTGOYRi0/zsoLqtXQckTmqTeybT+BDIbM/Guxo7x3pE2vtpr1ok6xRqM9OpBe+Jyoqyww=="],

    "wrappy": ["wrappy@1.0.2", "", {}, "sha512-l4Sp/DRseor9wL6EvV2+TuQn63dMkPjZ/sp9XkghTEbV9KlPS1xUsZ3u7/IQO4wxtcFB4bgpQPRcR3QCvezPcQ=="],

    "pino-pretty/pino-abstract-transport": ["pino-abstract-transport@3.0.0", "", { "dependencies": { "split2": "^4.0.0" } }, "sha512-wlfUczU+n7Hy/Ha5j9a/gZNy7We5+cXp8YL+X+PG8S0KXxw7n/JXA3c46Y0zQznIJ83URJiwy7Lh56WLokNuxg=="],

    "wrap-ansi/string-width": ["string-width@7.2.0", "", { "dependencies": { "emoji-regex": "^10.3.0", "get-east-asian-width": "^1.0.0", "strip-ansi": "^7.1.0" } }, "sha512-tsaTIkKW9b4N+AEj+SVA+WhJzV7/zMhcSu78mLKWSk7cXMOSHsBKFWUs0fWwq8QyK3MgJBQRX6Gbi4kYbdvGkQ=="],
  }
}
